
Microsoft Visual Studio Solution File, Format Version 12.00
# Visual Studio Version 17
VisualStudioVersion = 17.4.33110.190
MinimumVisualStudioVersion = 16.0.0.0
Project("{9A19103F-16F7-4668-BE54-9A1E7A4F7556}") = "Demo.Server", "Server\Demo.Server.csproj", "{7F31BB79-0B4E-4D2A-ABDC-36680E44A119}"
EndProject
Project("{9A19103F-16F7-4668-BE54-9A1E7A4F7556}") = "Demo.Client", "Client\Demo.Client.csproj", "{D6AD2736-06FF-4C9D-98F8-7251E1CE1F67}"
EndProject
Project("{9A19103F-16F7-4668-BE54-9A1E7A4F7556}") = "Demo.Shared", "Shared\Demo.Shared.csproj", "{90AAEB9B-1702-464E-8310-CA0A087FC89E}"
EndProject
Project("{9A19103F-16F7-4668-BE54-9A1E7A4F7556}") = "Demo.Model", "Model\Demo.Model.csproj", "{A022E9C2-F433-4176-84F6-C66C567FD1CA}"
EndProject
Project("{9A19103F-16F7-4668-BE54-9A1E7A4F7556}") = "Demo.Services", "Services\Demo.Services.csproj", "{E15E5107-4D89-41C2-8016-BB1D4F874187}"
EndProject
Project("{9A19103F-16F7-4668-BE54-9A1E7A4F7556}") = "Demo.Batch", "Batch\Demo.Batch.csproj", "{5F392A79-859C-41DF-82EA-E5DEA6B6FFB9}"
EndProject
Project("{9A19103F-16F7-4668-BE54-9A1E7A4F7556}") = "Lagoon.Console", "..\..\Modules\Lagoon.Console\Lagoon.Console.csproj", "{0FA5BD40-7E95-430A-B43C-A8BB45ABE8F1}"
EndProject
Project("{9A19103F-16F7-4668-BE54-9A1E7A4F7556}") = "Lagoon.Core", "..\..\Modules\Lagoon.Core\Lagoon.Core.csproj", "{128B0809-B1B0-4F1F-8335-768E1E12ED88}"
EndProject
Project("{9A19103F-16F7-4668-BE54-9A1E7A4F7556}") = "Lagoon.Generators", "..\..\Modules\Lagoon.Generators\Lagoon.Generators.csproj", "{30839BBD-9BDF-4CC2-A4F4-68A678A4A962}"
EndProject
Project("{9A19103F-16F7-4668-BE54-9A1E7A4F7556}") = "Lagoon.Model", "..\..\Modules\Lagoon.Model\Lagoon.Model.csproj", "{64AF0625-7B72-470E-8DB6-B534C9CB4115}"
EndProject
Project("{9A19103F-16F7-4668-BE54-9A1E7A4F7556}") = "Lagoon.Server", "..\..\Modules\Lagoon.Server\Lagoon.Server.csproj", "{2EA2241F-A37C-4EBF-AB8E-21192274177A}"
EndProject
Project("{9A19103F-16F7-4668-BE54-9A1E7A4F7556}") = "Lagoon.Services", "..\..\Modules\Lagoon.Services\Lagoon.Services.csproj", "{71134DA1-5F3A-4D47-AF0C-539D6D5FE108}"
EndProject
Project("{9A19103F-16F7-4668-BE54-9A1E7A4F7556}") = "Lagoon.Shared", "..\..\Modules\Lagoon.Shared\Lagoon.Shared.csproj", "{6A647FEA-47A2-4EAF-AFA7-E3D0C0B62CBB}"
EndProject
Project("{9A19103F-16F7-4668-BE54-9A1E7A4F7556}") = "Lagoon.UI", "..\..\Modules\Lagoon.UI\Lagoon.UI.csproj", "{C20F1D01-9F50-4AAD-A111-B30BC703EEAE}"
EndProject
Project("{9A19103F-16F7-4668-BE54-9A1E7A4F7556}") = "Lagoon.UI.Custom", "..\..\Modules\Lagoon.UI.Custom\Lagoon.UI.Custom.csproj", "{8AF749ED-0379-40E5-9E9E-5DB624D89435}"
EndProject
Project("{9A19103F-16F7-4668-BE54-9A1E7A4F7556}") = "Lagoon.UI.GridView", "..\..\Modules\Lagoon.UI.GridView\Lagoon.UI.GridView.csproj", "{4B1B537B-3AD8-4742-AD7F-3935CD44B702}"
EndProject
Project("{2150E333-8FDC-42A3-9474-1A3956D46DE8}") = "App", "App", "{291CC1F3-5983-47F9-8499-3B4EF3652AD4}"
EndProject
Project("{2150E333-8FDC-42A3-9474-1A3956D46DE8}") = "Modules", "Modules", "{B31E17F6-6436-49A4-841C-D78D0D9EE42A}"
EndProject
Project("{2150E333-8FDC-42A3-9474-1A3956D46DE8}") = "Demo", "Demo", "{22B3F4F9-951B-4D2C-A4D4-130F654EAE92}"
EndProject
Project("{9A19103F-16F7-4668-BE54-9A1E7A4F7556}") = "Lagoon.UI.Demo", "..\..\Modules\Lagoon.UI.Demo\Lagoon.UI.Demo.csproj", "{819BED7E-A0E7-4688-9F58-F606E2CB5B57}"
EndProject
Project("{2150E333-8FDC-42A3-9474-1A3956D46DE8}") = "Generators", "Generators", "{6ABC3ECE-97D2-47E1-9F07-E1B3DBA9C65F}"
EndProject
Project("{9A19103F-16F7-4668-BE54-9A1E7A4F7556}") = "Lagoon.Xlsx", "..\..\Modules\Lagoon.Xlsx\Lagoon.Xlsx.csproj", "{8D8CB817-DF61-4E8C-AD2A-DBEACFE085F5}"
EndProject
Project("{9A19103F-16F7-4668-BE54-9A1E7A4F7556}") = "Lagoon.PDF", "..\..\Modules\Lagoon.PDF\Lagoon.PDF.csproj", "{EB0C589F-7871-46E0-B2CC-F66EB6B2476F}"
EndProject
Project("{9A19103F-16F7-4668-BE54-9A1E7A4F7556}") = "Lagoon.UI.Leaflet", "..\..\Modules\Lagoon.UI.Leaflet\Lagoon.UI.Leaflet.csproj", "{771EE350-533A-45CF-9979-5BEFCDE13CA5}"
EndProject
Project("{9A19103F-16F7-4668-BE54-9A1E7A4F7556}") = "Lagoon.UI.Notifications", "..\..\Modules\Lagoon.UI.Notifications\Lagoon.UI.Notifications.csproj", "{C7711329-10F6-4F02-A37D-07156231DCD4}"
EndProject
Project("{9A19103F-16F7-4668-BE54-9A1E7A4F7556}") = "Lagoon.UI.RemoteTasks", "..\..\Modules\Lagoon.UI.RemoteTasks\Lagoon.UI.RemoteTasks.csproj", "{25F39C98-2CD6-48BE-9E0C-867C4AE10CA8}"
EndProject
Global
	GlobalSection(SolutionConfigurationPlatforms) = preSolution
		Debug|Any CPU = Debug|Any CPU
		Debug|x64 = Debug|x64
		Debug|x86 = Debug|x86
		Release|Any CPU = Release|Any CPU
		Release|x64 = Release|x64
		Release|x86 = Release|x86
	EndGlobalSection
	GlobalSection(ProjectConfigurationPlatforms) = postSolution
		{7F31BB79-0B4E-4D2A-ABDC-36680E44A119}.Debug|Any CPU.ActiveCfg = Debug|Any CPU
		{7F31BB79-0B4E-4D2A-ABDC-36680E44A119}.Debug|Any CPU.Build.0 = Debug|Any CPU
		{7F31BB79-0B4E-4D2A-ABDC-36680E44A119}.Debug|x64.ActiveCfg = Debug|Any CPU
		{7F31BB79-0B4E-4D2A-ABDC-36680E44A119}.Debug|x64.Build.0 = Debug|Any CPU
		{7F31BB79-0B4E-4D2A-ABDC-36680E44A119}.Debug|x86.ActiveCfg = Debug|Any CPU
		{7F31BB79-0B4E-4D2A-ABDC-36680E44A119}.Debug|x86.Build.0 = Debug|Any CPU
		{7F31BB79-0B4E-4D2A-ABDC-36680E44A119}.Release|Any CPU.ActiveCfg = Release|Any CPU
		{7F31BB79-0B4E-4D2A-ABDC-36680E44A119}.Release|Any CPU.Build.0 = Release|Any CPU
		{7F31BB79-0B4E-4D2A-ABDC-36680E44A119}.Release|x64.ActiveCfg = Release|Any CPU
		{7F31BB79-0B4E-4D2A-ABDC-36680E44A119}.Release|x64.Build.0 = Release|Any CPU
		{7F31BB79-0B4E-4D2A-ABDC-36680E44A119}.Release|x86.ActiveCfg = Release|Any CPU
		{7F31BB79-0B4E-4D2A-ABDC-36680E44A119}.Release|x86.Build.0 = Release|Any CPU
		{D6AD2736-06FF-4C9D-98F8-7251E1CE1F67}.Debug|Any CPU.ActiveCfg = Debug|Any CPU
		{D6AD2736-06FF-4C9D-98F8-7251E1CE1F67}.Debug|Any CPU.Build.0 = Debug|Any CPU
		{D6AD2736-06FF-4C9D-98F8-7251E1CE1F67}.Debug|x64.ActiveCfg = Debug|Any CPU
		{D6AD2736-06FF-4C9D-98F8-7251E1CE1F67}.Debug|x64.Build.0 = Debug|Any CPU
		{D6AD2736-06FF-4C9D-98F8-7251E1CE1F67}.Debug|x86.ActiveCfg = Debug|Any CPU
		{D6AD2736-06FF-4C9D-98F8-7251E1CE1F67}.Debug|x86.Build.0 = Debug|Any CPU
		{D6AD2736-06FF-4C9D-98F8-7251E1CE1F67}.Release|Any CPU.ActiveCfg = Release|Any CPU
		{D6AD2736-06FF-4C9D-98F8-7251E1CE1F67}.Release|Any CPU.Build.0 = Release|Any CPU
		{D6AD2736-06FF-4C9D-98F8-7251E1CE1F67}.Release|x64.ActiveCfg = Release|Any CPU
		{D6AD2736-06FF-4C9D-98F8-7251E1CE1F67}.Release|x64.Build.0 = Release|Any CPU
		{D6AD2736-06FF-4C9D-98F8-7251E1CE1F67}.Release|x86.ActiveCfg = Release|Any CPU
		{D6AD2736-06FF-4C9D-98F8-7251E1CE1F67}.Release|x86.Build.0 = Release|Any CPU
		{90AAEB9B-1702-464E-8310-CA0A087FC89E}.Debug|Any CPU.ActiveCfg = Debug|Any CPU
		{90AAEB9B-1702-464E-8310-CA0A087FC89E}.Debug|Any CPU.Build.0 = Debug|Any CPU
		{90AAEB9B-1702-464E-8310-CA0A087FC89E}.Debug|x64.ActiveCfg = Debug|Any CPU
		{90AAEB9B-1702-464E-8310-CA0A087FC89E}.Debug|x64.Build.0 = Debug|Any CPU
		{90AAEB9B-1702-464E-8310-CA0A087FC89E}.Debug|x86.ActiveCfg = Debug|Any CPU
		{90AAEB9B-1702-464E-8310-CA0A087FC89E}.Debug|x86.Build.0 = Debug|Any CPU
		{90AAEB9B-1702-464E-8310-CA0A087FC89E}.Release|Any CPU.ActiveCfg = Release|Any CPU
		{90AAEB9B-1702-464E-8310-CA0A087FC89E}.Release|Any CPU.Build.0 = Release|Any CPU
		{90AAEB9B-1702-464E-8310-CA0A087FC89E}.Release|x64.ActiveCfg = Release|Any CPU
		{90AAEB9B-1702-464E-8310-CA0A087FC89E}.Release|x64.Build.0 = Release|Any CPU
		{90AAEB9B-1702-464E-8310-CA0A087FC89E}.Release|x86.ActiveCfg = Release|Any CPU
		{90AAEB9B-1702-464E-8310-CA0A087FC89E}.Release|x86.Build.0 = Release|Any CPU
		{A022E9C2-F433-4176-84F6-C66C567FD1CA}.Debug|Any CPU.ActiveCfg = Debug|Any CPU
		{A022E9C2-F433-4176-84F6-C66C567FD1CA}.Debug|Any CPU.Build.0 = Debug|Any CPU
		{A022E9C2-F433-4176-84F6-C66C567FD1CA}.Debug|x64.ActiveCfg = Debug|Any CPU
		{A022E9C2-F433-4176-84F6-C66C567FD1CA}.Debug|x64.Build.0 = Debug|Any CPU
		{A022E9C2-F433-4176-84F6-C66C567FD1CA}.Debug|x86.ActiveCfg = Debug|Any CPU
		{A022E9C2-F433-4176-84F6-C66C567FD1CA}.Debug|x86.Build.0 = Debug|Any CPU
		{A022E9C2-F433-4176-84F6-C66C567FD1CA}.Release|Any CPU.ActiveCfg = Release|Any CPU
		{A022E9C2-F433-4176-84F6-C66C567FD1CA}.Release|Any CPU.Build.0 = Release|Any CPU
		{A022E9C2-F433-4176-84F6-C66C567FD1CA}.Release|x64.ActiveCfg = Release|Any CPU
		{A022E9C2-F433-4176-84F6-C66C567FD1CA}.Release|x64.Build.0 = Release|Any CPU
		{A022E9C2-F433-4176-84F6-C66C567FD1CA}.Release|x86.ActiveCfg = Release|Any CPU
		{A022E9C2-F433-4176-84F6-C66C567FD1CA}.Release|x86.Build.0 = Release|Any CPU
		{E15E5107-4D89-41C2-8016-BB1D4F874187}.Debug|Any CPU.ActiveCfg = Debug|Any CPU
		{E15E5107-4D89-41C2-8016-BB1D4F874187}.Debug|Any CPU.Build.0 = Debug|Any CPU
		{E15E5107-4D89-41C2-8016-BB1D4F874187}.Debug|x64.ActiveCfg = Debug|Any CPU
		{E15E5107-4D89-41C2-8016-BB1D4F874187}.Debug|x64.Build.0 = Debug|Any CPU
		{E15E5107-4D89-41C2-8016-BB1D4F874187}.Debug|x86.ActiveCfg = Debug|Any CPU
		{E15E5107-4D89-41C2-8016-BB1D4F874187}.Debug|x86.Build.0 = Debug|Any CPU
		{E15E5107-4D89-41C2-8016-BB1D4F874187}.Release|Any CPU.ActiveCfg = Release|Any CPU
		{E15E5107-4D89-41C2-8016-BB1D4F874187}.Release|Any CPU.Build.0 = Release|Any CPU
		{E15E5107-4D89-41C2-8016-BB1D4F874187}.Release|x64.ActiveCfg = Release|Any CPU
		{E15E5107-4D89-41C2-8016-BB1D4F874187}.Release|x64.Build.0 = Release|Any CPU
		{E15E5107-4D89-41C2-8016-BB1D4F874187}.Release|x86.ActiveCfg = Release|Any CPU
		{E15E5107-4D89-41C2-8016-BB1D4F874187}.Release|x86.Build.0 = Release|Any CPU
		{5F392A79-859C-41DF-82EA-E5DEA6B6FFB9}.Debug|Any CPU.ActiveCfg = Debug|Any CPU
		{5F392A79-859C-41DF-82EA-E5DEA6B6FFB9}.Debug|Any CPU.Build.0 = Debug|Any CPU
		{5F392A79-859C-41DF-82EA-E5DEA6B6FFB9}.Debug|x64.ActiveCfg = Debug|Any CPU
		{5F392A79-859C-41DF-82EA-E5DEA6B6FFB9}.Debug|x64.Build.0 = Debug|Any CPU
		{5F392A79-859C-41DF-82EA-E5DEA6B6FFB9}.Debug|x86.ActiveCfg = Debug|Any CPU
		{5F392A79-859C-41DF-82EA-E5DEA6B6FFB9}.Debug|x86.Build.0 = Debug|Any CPU
		{5F392A79-859C-41DF-82EA-E5DEA6B6FFB9}.Release|Any CPU.ActiveCfg = Release|Any CPU
		{5F392A79-859C-41DF-82EA-E5DEA6B6FFB9}.Release|Any CPU.Build.0 = Release|Any CPU
		{5F392A79-859C-41DF-82EA-E5DEA6B6FFB9}.Release|x64.ActiveCfg = Release|Any CPU
		{5F392A79-859C-41DF-82EA-E5DEA6B6FFB9}.Release|x64.Build.0 = Release|Any CPU
		{5F392A79-859C-41DF-82EA-E5DEA6B6FFB9}.Release|x86.ActiveCfg = Release|Any CPU
		{5F392A79-859C-41DF-82EA-E5DEA6B6FFB9}.Release|x86.Build.0 = Release|Any CPU
		{0FA5BD40-7E95-430A-B43C-A8BB45ABE8F1}.Debug|Any CPU.ActiveCfg = Debug|Any CPU
		{0FA5BD40-7E95-430A-B43C-A8BB45ABE8F1}.Debug|Any CPU.Build.0 = Debug|Any CPU
		{0FA5BD40-7E95-430A-B43C-A8BB45ABE8F1}.Debug|x64.ActiveCfg = Debug|Any CPU
		{0FA5BD40-7E95-430A-B43C-A8BB45ABE8F1}.Debug|x64.Build.0 = Debug|Any CPU
		{0FA5BD40-7E95-430A-B43C-A8BB45ABE8F1}.Debug|x86.ActiveCfg = Debug|Any CPU
		{0FA5BD40-7E95-430A-B43C-A8BB45ABE8F1}.Debug|x86.Build.0 = Debug|Any CPU
		{0FA5BD40-7E95-430A-B43C-A8BB45ABE8F1}.Release|Any CPU.ActiveCfg = Release|Any CPU
		{0FA5BD40-7E95-430A-B43C-A8BB45ABE8F1}.Release|Any CPU.Build.0 = Release|Any CPU
		{0FA5BD40-7E95-430A-B43C-A8BB45ABE8F1}.Release|x64.ActiveCfg = Release|Any CPU
		{0FA5BD40-7E95-430A-B43C-A8BB45ABE8F1}.Release|x64.Build.0 = Release|Any CPU
		{0FA5BD40-7E95-430A-B43C-A8BB45ABE8F1}.Release|x86.ActiveCfg = Release|Any CPU
		{0FA5BD40-7E95-430A-B43C-A8BB45ABE8F1}.Release|x86.Build.0 = Release|Any CPU
		{128B0809-B1B0-4F1F-8335-768E1E12ED88}.Debug|Any CPU.ActiveCfg = Debug|Any CPU
		{128B0809-B1B0-4F1F-8335-768E1E12ED88}.Debug|Any CPU.Build.0 = Debug|Any CPU
		{128B0809-B1B0-4F1F-8335-768E1E12ED88}.Debug|x64.ActiveCfg = Debug|Any CPU
		{128B0809-B1B0-4F1F-8335-768E1E12ED88}.Debug|x64.Build.0 = Debug|Any CPU
		{128B0809-B1B0-4F1F-8335-768E1E12ED88}.Debug|x86.ActiveCfg = Debug|Any CPU
		{128B0809-B1B0-4F1F-8335-768E1E12ED88}.Debug|x86.Build.0 = Debug|Any CPU
		{128B0809-B1B0-4F1F-8335-768E1E12ED88}.Release|Any CPU.ActiveCfg = Release|Any CPU
		{128B0809-B1B0-4F1F-8335-768E1E12ED88}.Release|Any CPU.Build.0 = Release|Any CPU
		{128B0809-B1B0-4F1F-8335-768E1E12ED88}.Release|x64.ActiveCfg = Release|Any CPU
		{128B0809-B1B0-4F1F-8335-768E1E12ED88}.Release|x64.Build.0 = Release|Any CPU
		{128B0809-B1B0-4F1F-8335-768E1E12ED88}.Release|x86.ActiveCfg = Release|Any CPU
		{128B0809-B1B0-4F1F-8335-768E1E12ED88}.Release|x86.Build.0 = Release|Any CPU
		{30839BBD-9BDF-4CC2-A4F4-68A678A4A962}.Debug|Any CPU.ActiveCfg = Release|Any CPU
		{30839BBD-9BDF-4CC2-A4F4-68A678A4A962}.Debug|Any CPU.Build.0 = Release|Any CPU
		{30839BBD-9BDF-4CC2-A4F4-68A678A4A962}.Debug|x64.ActiveCfg = Debug|Any CPU
		{30839BBD-9BDF-4CC2-A4F4-68A678A4A962}.Debug|x64.Build.0 = Debug|Any CPU
		{30839BBD-9BDF-4CC2-A4F4-68A678A4A962}.Debug|x86.ActiveCfg = Debug|Any CPU
		{30839BBD-9BDF-4CC2-A4F4-68A678A4A962}.Debug|x86.Build.0 = Debug|Any CPU
		{30839BBD-9BDF-4CC2-A4F4-68A678A4A962}.Release|Any CPU.ActiveCfg = Release|Any CPU
		{30839BBD-9BDF-4CC2-A4F4-68A678A4A962}.Release|Any CPU.Build.0 = Release|Any CPU
		{30839BBD-9BDF-4CC2-A4F4-68A678A4A962}.Release|x64.ActiveCfg = Release|Any CPU
		{30839BBD-9BDF-4CC2-A4F4-68A678A4A962}.Release|x64.Build.0 = Release|Any CPU
		{30839BBD-9BDF-4CC2-A4F4-68A678A4A962}.Release|x86.ActiveCfg = Release|Any CPU
		{30839BBD-9BDF-4CC2-A4F4-68A678A4A962}.Release|x86.Build.0 = Release|Any CPU
		{64AF0625-7B72-470E-8DB6-B534C9CB4115}.Debug|Any CPU.ActiveCfg = Debug|Any CPU
		{64AF0625-7B72-470E-8DB6-B534C9CB4115}.Debug|Any CPU.Build.0 = Debug|Any CPU
		{64AF0625-7B72-470E-8DB6-B534C9CB4115}.Debug|x64.ActiveCfg = Debug|Any CPU
		{64AF0625-7B72-470E-8DB6-B534C9CB4115}.Debug|x64.Build.0 = Debug|Any CPU
		{64AF0625-7B72-470E-8DB6-B534C9CB4115}.Debug|x86.ActiveCfg = Debug|Any CPU
		{64AF0625-7B72-470E-8DB6-B534C9CB4115}.Debug|x86.Build.0 = Debug|Any CPU
		{64AF0625-7B72-470E-8DB6-B534C9CB4115}.Release|Any CPU.ActiveCfg = Release|Any CPU
		{64AF0625-7B72-470E-8DB6-B534C9CB4115}.Release|Any CPU.Build.0 = Release|Any CPU
		{64AF0625-7B72-470E-8DB6-B534C9CB4115}.Release|x64.ActiveCfg = Release|Any CPU
		{64AF0625-7B72-470E-8DB6-B534C9CB4115}.Release|x64.Build.0 = Release|Any CPU
		{64AF0625-7B72-470E-8DB6-B534C9CB4115}.Release|x86.ActiveCfg = Release|Any CPU
		{64AF0625-7B72-470E-8DB6-B534C9CB4115}.Release|x86.Build.0 = Release|Any CPU
		{2EA2241F-A37C-4EBF-AB8E-21192274177A}.Debug|Any CPU.ActiveCfg = Debug|Any CPU
		{2EA2241F-A37C-4EBF-AB8E-21192274177A}.Debug|Any CPU.Build.0 = Debug|Any CPU
		{2EA2241F-A37C-4EBF-AB8E-21192274177A}.Debug|x64.ActiveCfg = Debug|Any CPU
		{2EA2241F-A37C-4EBF-AB8E-21192274177A}.Debug|x64.Build.0 = Debug|Any CPU
		{2EA2241F-A37C-4EBF-AB8E-21192274177A}.Debug|x86.ActiveCfg = Debug|Any CPU
		{2EA2241F-A37C-4EBF-AB8E-21192274177A}.Debug|x86.Build.0 = Debug|Any CPU
		{2EA2241F-A37C-4EBF-AB8E-21192274177A}.Release|Any CPU.ActiveCfg = Release|Any CPU
		{2EA2241F-A37C-4EBF-AB8E-21192274177A}.Release|Any CPU.Build.0 = Release|Any CPU
		{2EA2241F-A37C-4EBF-AB8E-21192274177A}.Release|x64.ActiveCfg = Release|Any CPU
		{2EA2241F-A37C-4EBF-AB8E-21192274177A}.Release|x64.Build.0 = Release|Any CPU
		{2EA2241F-A37C-4EBF-AB8E-21192274177A}.Release|x86.ActiveCfg = Release|Any CPU
		{2EA2241F-A37C-4EBF-AB8E-21192274177A}.Release|x86.Build.0 = Release|Any CPU
		{71134DA1-5F3A-4D47-AF0C-539D6D5FE108}.Debug|Any CPU.ActiveCfg = Debug|Any CPU
		{71134DA1-5F3A-4D47-AF0C-539D6D5FE108}.Debug|Any CPU.Build.0 = Debug|Any CPU
		{71134DA1-5F3A-4D47-AF0C-539D6D5FE108}.Debug|x64.ActiveCfg = Debug|Any CPU
		{71134DA1-5F3A-4D47-AF0C-539D6D5FE108}.Debug|x64.Build.0 = Debug|Any CPU
		{71134DA1-5F3A-4D47-AF0C-539D6D5FE108}.Debug|x86.ActiveCfg = Debug|Any CPU
		{71134DA1-5F3A-4D47-AF0C-539D6D5FE108}.Debug|x86.Build.0 = Debug|Any CPU
		{71134DA1-5F3A-4D47-AF0C-539D6D5FE108}.Release|Any CPU.ActiveCfg = Release|Any CPU
		{71134DA1-5F3A-4D47-AF0C-539D6D5FE108}.Release|Any CPU.Build.0 = Release|Any CPU
		{71134DA1-5F3A-4D47-AF0C-539D6D5FE108}.Release|x64.ActiveCfg = Release|Any CPU
		{71134DA1-5F3A-4D47-AF0C-539D6D5FE108}.Release|x64.Build.0 = Release|Any CPU
		{71134DA1-5F3A-4D47-AF0C-539D6D5FE108}.Release|x86.ActiveCfg = Release|Any CPU
		{71134DA1-5F3A-4D47-AF0C-539D6D5FE108}.Release|x86.Build.0 = Release|Any CPU
		{6A647FEA-47A2-4EAF-AFA7-E3D0C0B62CBB}.Debug|Any CPU.ActiveCfg = Debug|Any CPU
		{6A647FEA-47A2-4EAF-AFA7-E3D0C0B62CBB}.Debug|Any CPU.Build.0 = Debug|Any CPU
		{6A647FEA-47A2-4EAF-AFA7-E3D0C0B62CBB}.Debug|x64.ActiveCfg = Debug|Any CPU
		{6A647FEA-47A2-4EAF-AFA7-E3D0C0B62CBB}.Debug|x64.Build.0 = Debug|Any CPU
		{6A647FEA-47A2-4EAF-AFA7-E3D0C0B62CBB}.Debug|x86.ActiveCfg = Debug|Any CPU
		{6A647FEA-47A2-4EAF-AFA7-E3D0C0B62CBB}.Debug|x86.Build.0 = Debug|Any CPU
		{6A647FEA-47A2-4EAF-AFA7-E3D0C0B62CBB}.Release|Any CPU.ActiveCfg = Release|Any CPU
		{6A647FEA-47A2-4EAF-AFA7-E3D0C0B62CBB}.Release|Any CPU.Build.0 = Release|Any CPU
		{6A647FEA-47A2-4EAF-AFA7-E3D0C0B62CBB}.Release|x64.ActiveCfg = Release|Any CPU
		{6A647FEA-47A2-4EAF-AFA7-E3D0C0B62CBB}.Release|x64.Build.0 = Release|Any CPU
		{6A647FEA-47A2-4EAF-AFA7-E3D0C0B62CBB}.Release|x86.ActiveCfg = Release|Any CPU
		{6A647FEA-47A2-4EAF-AFA7-E3D0C0B62CBB}.Release|x86.Build.0 = Release|Any CPU
		{C20F1D01-9F50-4AAD-A111-B30BC703EEAE}.Debug|Any CPU.ActiveCfg = Debug|Any CPU
		{C20F1D01-9F50-4AAD-A111-B30BC703EEAE}.Debug|Any CPU.Build.0 = Debug|Any CPU
		{C20F1D01-9F50-4AAD-A111-B30BC703EEAE}.Debug|x64.ActiveCfg = Debug|Any CPU
		{C20F1D01-9F50-4AAD-A111-B30BC703EEAE}.Debug|x64.Build.0 = Debug|Any CPU
		{C20F1D01-9F50-4AAD-A111-B30BC703EEAE}.Debug|x86.ActiveCfg = Debug|Any CPU
		{C20F1D01-9F50-4AAD-A111-B30BC703EEAE}.Debug|x86.Build.0 = Debug|Any CPU
		{C20F1D01-9F50-4AAD-A111-B30BC703EEAE}.Release|Any CPU.ActiveCfg = Release|Any CPU
		{C20F1D01-9F50-4AAD-A111-B30BC703EEAE}.Release|Any CPU.Build.0 = Release|Any CPU
		{C20F1D01-9F50-4AAD-A111-B30BC703EEAE}.Release|x64.ActiveCfg = Release|Any CPU
		{C20F1D01-9F50-4AAD-A111-B30BC703EEAE}.Release|x64.Build.0 = Release|Any CPU
		{C20F1D01-9F50-4AAD-A111-B30BC703EEAE}.Release|x86.ActiveCfg = Release|Any CPU
		{C20F1D01-9F50-4AAD-A111-B30BC703EEAE}.Release|x86.Build.0 = Release|Any CPU
		{8AF749ED-0379-40E5-9E9E-5DB624D89435}.Debug|Any CPU.ActiveCfg = Debug|Any CPU
		{8AF749ED-0379-40E5-9E9E-5DB624D89435}.Debug|Any CPU.Build.0 = Debug|Any CPU
		{8AF749ED-0379-40E5-9E9E-5DB624D89435}.Debug|x64.ActiveCfg = Debug|Any CPU
		{8AF749ED-0379-40E5-9E9E-5DB624D89435}.Debug|x64.Build.0 = Debug|Any CPU
		{8AF749ED-0379-40E5-9E9E-5DB624D89435}.Debug|x86.ActiveCfg = Debug|Any CPU
		{8AF749ED-0379-40E5-9E9E-5DB624D89435}.Debug|x86.Build.0 = Debug|Any CPU
		{8AF749ED-0379-40E5-9E9E-5DB624D89435}.Release|Any CPU.ActiveCfg = Release|Any CPU
		{8AF749ED-0379-40E5-9E9E-5DB624D89435}.Release|Any CPU.Build.0 = Release|Any CPU
		{8AF749ED-0379-40E5-9E9E-5DB624D89435}.Release|x64.ActiveCfg = Release|Any CPU
		{8AF749ED-0379-40E5-9E9E-5DB624D89435}.Release|x64.Build.0 = Release|Any CPU
		{8AF749ED-0379-40E5-9E9E-5DB624D89435}.Release|x86.ActiveCfg = Release|Any CPU
		{8AF749ED-0379-40E5-9E9E-5DB624D89435}.Release|x86.Build.0 = Release|Any CPU
		{4B1B537B-3AD8-4742-AD7F-3935CD44B702}.Debug|Any CPU.ActiveCfg = Debug|Any CPU
		{4B1B537B-3AD8-4742-AD7F-3935CD44B702}.Debug|Any CPU.Build.0 = Debug|Any CPU
		{4B1B537B-3AD8-4742-AD7F-3935CD44B702}.Debug|x64.ActiveCfg = Debug|Any CPU
		{4B1B537B-3AD8-4742-AD7F-3935CD44B702}.Debug|x64.Build.0 = Debug|Any CPU
		{4B1B537B-3AD8-4742-AD7F-3935CD44B702}.Debug|x86.ActiveCfg = Debug|Any CPU
		{4B1B537B-3AD8-4742-AD7F-3935CD44B702}.Debug|x86.Build.0 = Debug|Any CPU
		{4B1B537B-3AD8-4742-AD7F-3935CD44B702}.Release|Any CPU.ActiveCfg = Release|Any CPU
		{4B1B537B-3AD8-4742-AD7F-3935CD44B702}.Release|Any CPU.Build.0 = Release|Any CPU
		{4B1B537B-3AD8-4742-AD7F-3935CD44B702}.Release|x64.ActiveCfg = Release|Any CPU
		{4B1B537B-3AD8-4742-AD7F-3935CD44B702}.Release|x64.Build.0 = Release|Any CPU
		{4B1B537B-3AD8-4742-AD7F-3935CD44B702}.Release|x86.ActiveCfg = Release|Any CPU
		{4B1B537B-3AD8-4742-AD7F-3935CD44B702}.Release|x86.Build.0 = Release|Any CPU
		{819BED7E-A0E7-4688-9F58-F606E2CB5B57}.Debug|Any CPU.ActiveCfg = Debug|Any CPU
		{819BED7E-A0E7-4688-9F58-F606E2CB5B57}.Debug|Any CPU.Build.0 = Debug|Any CPU
		{819BED7E-A0E7-4688-9F58-F606E2CB5B57}.Debug|x64.ActiveCfg = Debug|Any CPU
		{819BED7E-A0E7-4688-9F58-F606E2CB5B57}.Debug|x64.Build.0 = Debug|Any CPU
		{819BED7E-A0E7-4688-9F58-F606E2CB5B57}.Debug|x86.ActiveCfg = Debug|Any CPU
		{819BED7E-A0E7-4688-9F58-F606E2CB5B57}.Debug|x86.Build.0 = Debug|Any CPU
		{819BED7E-A0E7-4688-9F58-F606E2CB5B57}.Release|Any CPU.ActiveCfg = Release|Any CPU
		{819BED7E-A0E7-4688-9F58-F606E2CB5B57}.Release|Any CPU.Build.0 = Release|Any CPU
		{819BED7E-A0E7-4688-9F58-F606E2CB5B57}.Release|x64.ActiveCfg = Release|Any CPU
		{819BED7E-A0E7-4688-9F58-F606E2CB5B57}.Release|x64.Build.0 = Release|Any CPU
		{819BED7E-A0E7-4688-9F58-F606E2CB5B57}.Release|x86.ActiveCfg = Release|Any CPU
		{819BED7E-A0E7-4688-9F58-F606E2CB5B57}.Release|x86.Build.0 = Release|Any CPU
		{8D8CB817-DF61-4E8C-AD2A-DBEACFE085F5}.Debug|Any CPU.ActiveCfg = Debug|Any CPU
		{8D8CB817-DF61-4E8C-AD2A-DBEACFE085F5}.Debug|Any CPU.Build.0 = Debug|Any CPU
		{8D8CB817-DF61-4E8C-AD2A-DBEACFE085F5}.Debug|x64.ActiveCfg = Debug|Any CPU
		{8D8CB817-DF61-4E8C-AD2A-DBEACFE085F5}.Debug|x64.Build.0 = Debug|Any CPU
		{8D8CB817-DF61-4E8C-AD2A-DBEACFE085F5}.Debug|x86.ActiveCfg = Debug|Any CPU
		{8D8CB817-DF61-4E8C-AD2A-DBEACFE085F5}.Debug|x86.Build.0 = Debug|Any CPU
		{8D8CB817-DF61-4E8C-AD2A-DBEACFE085F5}.Release|Any CPU.ActiveCfg = Release|Any CPU
		{8D8CB817-DF61-4E8C-AD2A-DBEACFE085F5}.Release|Any CPU.Build.0 = Release|Any CPU
		{8D8CB817-DF61-4E8C-AD2A-DBEACFE085F5}.Release|x64.ActiveCfg = Release|Any CPU
		{8D8CB817-DF61-4E8C-AD2A-DBEACFE085F5}.Release|x64.Build.0 = Release|Any CPU
		{8D8CB817-DF61-4E8C-AD2A-DBEACFE085F5}.Release|x86.ActiveCfg = Release|Any CPU
		{8D8CB817-DF61-4E8C-AD2A-DBEACFE085F5}.Release|x86.Build.0 = Release|Any CPU
		{EB0C589F-7871-46E0-B2CC-F66EB6B2476F}.Debug|Any CPU.ActiveCfg = Debug|Any CPU
		{EB0C589F-7871-46E0-B2CC-F66EB6B2476F}.Debug|Any CPU.Build.0 = Debug|Any CPU
		{EB0C589F-7871-46E0-B2CC-F66EB6B2476F}.Debug|x64.ActiveCfg = Debug|Any CPU
		{EB0C589F-7871-46E0-B2CC-F66EB6B2476F}.Debug|x64.Build.0 = Debug|Any CPU
		{EB0C589F-7871-46E0-B2CC-F66EB6B2476F}.Debug|x86.ActiveCfg = Debug|Any CPU
		{EB0C589F-7871-46E0-B2CC-F66EB6B2476F}.Debug|x86.Build.0 = Debug|Any CPU
		{EB0C589F-7871-46E0-B2CC-F66EB6B2476F}.Release|Any CPU.ActiveCfg = Release|Any CPU
		{EB0C589F-7871-46E0-B2CC-F66EB6B2476F}.Release|Any CPU.Build.0 = Release|Any CPU
		{EB0C589F-7871-46E0-B2CC-F66EB6B2476F}.Release|x64.ActiveCfg = Release|Any CPU
		{EB0C589F-7871-46E0-B2CC-F66EB6B2476F}.Release|x64.Build.0 = Release|Any CPU
		{EB0C589F-7871-46E0-B2CC-F66EB6B2476F}.Release|x86.ActiveCfg = Release|Any CPU
		{EB0C589F-7871-46E0-B2CC-F66EB6B2476F}.Release|x86.Build.0 = Release|Any CPU
		{771EE350-533A-45CF-9979-5BEFCDE13CA5}.Debug|Any CPU.ActiveCfg = Debug|Any CPU
		{771EE350-533A-45CF-9979-5BEFCDE13CA5}.Debug|Any CPU.Build.0 = Debug|Any CPU
		{771EE350-533A-45CF-9979-5BEFCDE13CA5}.Debug|x64.ActiveCfg = Debug|Any CPU
		{771EE350-533A-45CF-9979-5BEFCDE13CA5}.Debug|x64.Build.0 = Debug|Any CPU
		{771EE350-533A-45CF-9979-5BEFCDE13CA5}.Debug|x86.ActiveCfg = Debug|Any CPU
		{771EE350-533A-45CF-9979-5BEFCDE13CA5}.Debug|x86.Build.0 = Debug|Any CPU
		{771EE350-533A-45CF-9979-5BEFCDE13CA5}.Release|Any CPU.ActiveCfg = Release|Any CPU
		{771EE350-533A-45CF-9979-5BEFCDE13CA5}.Release|Any CPU.Build.0 = Release|Any CPU
		{771EE350-533A-45CF-9979-5BEFCDE13CA5}.Release|x64.ActiveCfg = Release|Any CPU
		{771EE350-533A-45CF-9979-5BEFCDE13CA5}.Release|x64.Build.0 = Release|Any CPU
		{771EE350-533A-45CF-9979-5BEFCDE13CA5}.Release|x86.ActiveCfg = Release|Any CPU
		{771EE350-533A-45CF-9979-5BEFCDE13CA5}.Release|x86.Build.0 = Release|Any CPU
		{C7711329-10F6-4F02-A37D-07156231DCD4}.Debug|Any CPU.ActiveCfg = Debug|Any CPU
		{C7711329-10F6-4F02-A37D-07156231DCD4}.Debug|Any CPU.Build.0 = Debug|Any CPU
		{C7711329-10F6-4F02-A37D-07156231DCD4}.Debug|x64.ActiveCfg = Debug|Any CPU
		{C7711329-10F6-4F02-A37D-07156231DCD4}.Debug|x64.Build.0 = Debug|Any CPU
		{C7711329-10F6-4F02-A37D-07156231DCD4}.Debug|x86.ActiveCfg = Debug|Any CPU
		{C7711329-10F6-4F02-A37D-07156231DCD4}.Debug|x86.Build.0 = Debug|Any CPU
		{C7711329-10F6-4F02-A37D-07156231DCD4}.Release|Any CPU.ActiveCfg = Release|Any CPU
		{C7711329-10F6-4F02-A37D-07156231DCD4}.Release|Any CPU.Build.0 = Release|Any CPU
		{C7711329-10F6-4F02-A37D-07156231DCD4}.Release|x64.ActiveCfg = Release|Any CPU
		{C7711329-10F6-4F02-A37D-07156231DCD4}.Release|x64.Build.0 = Release|Any CPU
		{C7711329-10F6-4F02-A37D-07156231DCD4}.Release|x86.ActiveCfg = Release|Any CPU
		{C7711329-10F6-4F02-A37D-07156231DCD4}.Release|x86.Build.0 = Release|Any CPU
		{25F39C98-2CD6-48BE-9E0C-867C4AE10CA8}.Debug|Any CPU.ActiveCfg = Debug|Any CPU
		{25F39C98-2CD6-48BE-9E0C-867C4AE10CA8}.Debug|Any CPU.Build.0 = Debug|Any CPU
		{25F39C98-2CD6-48BE-9E0C-867C4AE10CA8}.Debug|x64.ActiveCfg = Debug|Any CPU
		{25F39C98-2CD6-48BE-9E0C-867C4AE10CA8}.Debug|x64.Build.0 = Debug|Any CPU
		{25F39C98-2CD6-48BE-9E0C-867C4AE10CA8}.Debug|x86.ActiveCfg = Debug|Any CPU
		{25F39C98-2CD6-48BE-9E0C-867C4AE10CA8}.Debug|x86.Build.0 = Debug|Any CPU
		{25F39C98-2CD6-48BE-9E0C-867C4AE10CA8}.Release|Any CPU.ActiveCfg = Release|Any CPU
		{25F39C98-2CD6-48BE-9E0C-867C4AE10CA8}.Release|Any CPU.Build.0 = Release|Any CPU
		{25F39C98-2CD6-48BE-9E0C-867C4AE10CA8}.Release|x64.ActiveCfg = Release|Any CPU
		{25F39C98-2CD6-48BE-9E0C-867C4AE10CA8}.Release|x64.Build.0 = Release|Any CPU
		{25F39C98-2CD6-48BE-9E0C-867C4AE10CA8}.Release|x86.ActiveCfg = Release|Any CPU
		{25F39C98-2CD6-48BE-9E0C-867C4AE10CA8}.Release|x86.Build.0 = Release|Any CPU
	EndGlobalSection
	GlobalSection(SolutionProperties) = preSolution
		HideSolutionNode = FALSE
	EndGlobalSection
	GlobalSection(NestedProjects) = preSolution
		{7F31BB79-0B4E-4D2A-ABDC-36680E44A119} = {291CC1F3-5983-47F9-8499-3B4EF3652AD4}
		{D6AD2736-06FF-4C9D-98F8-7251E1CE1F67} = {291CC1F3-5983-47F9-8499-3B4EF3652AD4}
		{90AAEB9B-1702-464E-8310-CA0A087FC89E} = {291CC1F3-5983-47F9-8499-3B4EF3652AD4}
		{A022E9C2-F433-4176-84F6-C66C567FD1CA} = {291CC1F3-5983-47F9-8499-3B4EF3652AD4}
		{E15E5107-4D89-41C2-8016-BB1D4F874187} = {291CC1F3-5983-47F9-8499-3B4EF3652AD4}
		{5F392A79-859C-41DF-82EA-E5DEA6B6FFB9} = {291CC1F3-5983-47F9-8499-3B4EF3652AD4}
		{0FA5BD40-7E95-430A-B43C-A8BB45ABE8F1} = {B31E17F6-6436-49A4-841C-D78D0D9EE42A}
		{128B0809-B1B0-4F1F-8335-768E1E12ED88} = {B31E17F6-6436-49A4-841C-D78D0D9EE42A}
		{30839BBD-9BDF-4CC2-A4F4-68A678A4A962} = {6ABC3ECE-97D2-47E1-9F07-E1B3DBA9C65F}
		{64AF0625-7B72-470E-8DB6-B534C9CB4115} = {B31E17F6-6436-49A4-841C-D78D0D9EE42A}
		{2EA2241F-A37C-4EBF-AB8E-21192274177A} = {B31E17F6-6436-49A4-841C-D78D0D9EE42A}
		{71134DA1-5F3A-4D47-AF0C-539D6D5FE108} = {B31E17F6-6436-49A4-841C-D78D0D9EE42A}
		{6A647FEA-47A2-4EAF-AFA7-E3D0C0B62CBB} = {B31E17F6-6436-49A4-841C-D78D0D9EE42A}
		{C20F1D01-9F50-4AAD-A111-B30BC703EEAE} = {B31E17F6-6436-49A4-841C-D78D0D9EE42A}
		{8AF749ED-0379-40E5-9E9E-5DB624D89435} = {B31E17F6-6436-49A4-841C-D78D0D9EE42A}
		{4B1B537B-3AD8-4742-AD7F-3935CD44B702} = {B31E17F6-6436-49A4-841C-D78D0D9EE42A}
		{819BED7E-A0E7-4688-9F58-F606E2CB5B57} = {22B3F4F9-951B-4D2C-A4D4-130F654EAE92}
		{8D8CB817-DF61-4E8C-AD2A-DBEACFE085F5} = {B31E17F6-6436-49A4-841C-D78D0D9EE42A}
		{EB0C589F-7871-46E0-B2CC-F66EB6B2476F} = {B31E17F6-6436-49A4-841C-D78D0D9EE42A}
		{771EE350-533A-45CF-9979-5BEFCDE13CA5} = {B31E17F6-6436-49A4-841C-D78D0D9EE42A}
		{C7711329-10F6-4F02-A37D-07156231DCD4} = {B31E17F6-6436-49A4-841C-D78D0D9EE42A}
		{25F39C98-2CD6-48BE-9E0C-867C4AE10CA8} = {B31E17F6-6436-49A4-841C-D78D0D9EE42A}
	EndGlobalSection
	GlobalSection(ExtensibilityGlobals) = postSolution
		SolutionGuid = {4FD07C1A-3E0D-42A8-BE91-7DDD304F378B}
	EndGlobalSection
EndGlobal
